// !$*UTF8*$!
{
	archiveVersion = 1;
	classes = {
	};
	objectVersion = 55;
	objects = {

/* Begin PBXBuildFile section */
		22A99A26294CF942008ACD2B /* AppDelegate.swift in Sources */ = {isa = PBXBuildFile; fileRef = 22A99A25294CF942008ACD2B /* AppDelegate.swift */; };
		22A99A28294CF942008ACD2B /* SceneDelegate.swift in Sources */ = {isa = PBXBuildFile; fileRef = 22A99A27294CF942008ACD2B /* SceneDelegate.swift */; };
		22A99A2A294CF942008ACD2B /* BookSearchViewController.swift in Sources */ = {isa = PBXBuildFile; fileRef = 22A99A29294CF942008ACD2B /* BookSearchViewController.swift */; };
		22A99A2F294CF944008ACD2B /* Assets.xcassets in Resources */ = {isa = PBXBuildFile; fileRef = 22A99A2E294CF944008ACD2B /* Assets.xcassets */; };
		22A99A32294CF944008ACD2B /* LaunchScreen.storyboard in Resources */ = {isa = PBXBuildFile; fileRef = 22A99A30294CF944008ACD2B /* LaunchScreen.storyboard */; };
		22A99A47294CF945008ACD2B /* OpenLibraryUITests.swift in Sources */ = {isa = PBXBuildFile; fileRef = 22A99A46294CF945008ACD2B /* OpenLibraryUITests.swift */; };
		22A99A49294CF945008ACD2B /* OpenLibraryUITestsLaunchTests.swift in Sources */ = {isa = PBXBuildFile; fileRef = 22A99A48294CF945008ACD2B /* OpenLibraryUITestsLaunchTests.swift */; };
		22A99A58294CFC1F008ACD2B /* NetworkEndpointProtocol.swift in Sources */ = {isa = PBXBuildFile; fileRef = 22A99A57294CFC1E008ACD2B /* NetworkEndpointProtocol.swift */; };
		22A99A5A294CFDF8008ACD2B /* BooksSearchEndpoint.swift in Sources */ = {isa = PBXBuildFile; fileRef = 22A99A59294CFDF8008ACD2B /* BooksSearchEndpoint.swift */; };
		22A99A5C294CFEC1008ACD2B /* APIManager.swift in Sources */ = {isa = PBXBuildFile; fileRef = 22A99A5B294CFEC1008ACD2B /* APIManager.swift */; };
		22A99A5E294CFEDB008ACD2B /* NetworkError.swift in Sources */ = {isa = PBXBuildFile; fileRef = 22A99A5D294CFEDB008ACD2B /* NetworkError.swift */; };
		22A99A60294CFEFA008ACD2B /* RequestManager.swift in Sources */ = {isa = PBXBuildFile; fileRef = 22A99A5F294CFEFA008ACD2B /* RequestManager.swift */; };
		22A99A63294D08BB008ACD2B /* BookSearchResults.swift in Sources */ = {isa = PBXBuildFile; fileRef = 22A99A62294D08BB008ACD2B /* BookSearchResults.swift */; };
		22A99A65294D0D58008ACD2B /* BookSearchResult.swift in Sources */ = {isa = PBXBuildFile; fileRef = 22A99A64294D0D58008ACD2B /* BookSearchResult.swift */; };
		22D553DF29530E7900B7FC3D /* BookSearchViewModelTests.swift in Sources */ = {isa = PBXBuildFile; fileRef = 22D553DE29530E7900B7FC3D /* BookSearchViewModelTests.swift */; };
		22F61C352951D3F500AA5ED5 /* MockAPIManager.swift in Sources */ = {isa = PBXBuildFile; fileRef = 22F61C342951D3F500AA5ED5 /* MockAPIManager.swift */; };
		22F61C372951D41900AA5ED5 /* MockLocalEndpoint.swift in Sources */ = {isa = PBXBuildFile; fileRef = 22F61C362951D41900AA5ED5 /* MockLocalEndpoint.swift */; };
		22F61C3A2951D45000AA5ED5 /* BookSearchMockJSON.json in Resources */ = {isa = PBXBuildFile; fileRef = 22F61C392951D45000AA5ED5 /* BookSearchMockJSON.json */; };
		22F61C3E2951E6CC00AA5ED5 /* BookSearchMockBrokenJSON.json in Resources */ = {isa = PBXBuildFile; fileRef = 22F61C3D2951E6CC00AA5ED5 /* BookSearchMockBrokenJSON.json */; };
		22F61C402951E71200AA5ED5 /* RequestManagerTests.swift in Sources */ = {isa = PBXBuildFile; fileRef = 22F61C3F2951E71200AA5ED5 /* RequestManagerTests.swift */; };
		22F61C432951F94D00AA5ED5 /* BookSearchViewModel.swift in Sources */ = {isa = PBXBuildFile; fileRef = 22F61C422951F94D00AA5ED5 /* BookSearchViewModel.swift */; };
		22F61C4A29522ECA00AA5ED5 /* LoadingViewController.swift in Sources */ = {isa = PBXBuildFile; fileRef = 22F61C4929522ECA00AA5ED5 /* LoadingViewController.swift */; };
		22F61C4C29522ED800AA5ED5 /* ErrorViewController.swift in Sources */ = {isa = PBXBuildFile; fileRef = 22F61C4B29522ED800AA5ED5 /* ErrorViewController.swift */; };
		22F61C4E29522EEC00AA5ED5 /* BaseViewController.swift in Sources */ = {isa = PBXBuildFile; fileRef = 22F61C4D29522EEC00AA5ED5 /* BaseViewController.swift */; };
		22F61C5129522F4100AA5ED5 /* LocalizableStrings.swift in Sources */ = {isa = PBXBuildFile; fileRef = 22F61C5029522F4100AA5ED5 /* LocalizableStrings.swift */; };
		22F61C542952307400AA5ED5 /* GenericTableViewDataSource.swift in Sources */ = {isa = PBXBuildFile; fileRef = 22F61C532952307400AA5ED5 /* GenericTableViewDataSource.swift */; };
		22F61C56295235E400AA5ED5 /* BookSearchResultTableViewCell.swift in Sources */ = {isa = PBXBuildFile; fileRef = 22F61C55295235E400AA5ED5 /* BookSearchResultTableViewCell.swift */; };
		22F61C59295246FB00AA5ED5 /* UiViewController + extension.swift in Sources */ = {isa = PBXBuildFile; fileRef = 22F61C58295246FB00AA5ED5 /* UiViewController + extension.swift */; };
		22F61C5C2952476700AA5ED5 /* AppCoordinator.swift in Sources */ = {isa = PBXBuildFile; fileRef = 22F61C5B2952476700AA5ED5 /* AppCoordinator.swift */; };
/* End PBXBuildFile section */

/* Begin PBXContainerItemProxy section */
		22A99A39294CF945008ACD2B /* PBXContainerItemProxy */ = {
			isa = PBXContainerItemProxy;
			containerPortal = 22A99A1A294CF942008ACD2B /* Project object */;
			proxyType = 1;
			remoteGlobalIDString = 22A99A21294CF942008ACD2B;
			remoteInfo = OpenLibrary;
		};
		22A99A43294CF945008ACD2B /* PBXContainerItemProxy */ = {
			isa = PBXContainerItemProxy;
			containerPortal = 22A99A1A294CF942008ACD2B /* Project object */;
			proxyType = 1;
			remoteGlobalIDString = 22A99A21294CF942008ACD2B;
			remoteInfo = OpenLibrary;
		};
/* End PBXContainerItemProxy section */

/* Begin PBXFileReference section */
		22A99A22294CF942008ACD2B /* OpenLibrary.app */ = {isa = PBXFileReference; explicitFileType = wrapper.application; includeInIndex = 0; path = OpenLibrary.app; sourceTree = BUILT_PRODUCTS_DIR; };
		22A99A25294CF942008ACD2B /* AppDelegate.swift */ = {isa = PBXFileReference; lastKnownFileType = sourcecode.swift; path = AppDelegate.swift; sourceTree = "<group>"; };
		22A99A27294CF942008ACD2B /* SceneDelegate.swift */ = {isa = PBXFileReference; lastKnownFileType = sourcecode.swift; path = SceneDelegate.swift; sourceTree = "<group>"; };
		22A99A29294CF942008ACD2B /* BookSearchViewController.swift */ = {isa = PBXFileReference; lastKnownFileType = sourcecode.swift; path = BookSearchViewController.swift; sourceTree = "<group>"; };
		22A99A2E294CF944008ACD2B /* Assets.xcassets */ = {isa = PBXFileReference; lastKnownFileType = folder.assetcatalog; path = Assets.xcassets; sourceTree = "<group>"; };
		22A99A31294CF944008ACD2B /* Base */ = {isa = PBXFileReference; lastKnownFileType = file.storyboard; name = Base; path = Base.lproj/LaunchScreen.storyboard; sourceTree = "<group>"; };
		22A99A33294CF944008ACD2B /* Info.plist */ = {isa = PBXFileReference; lastKnownFileType = text.plist.xml; path = Info.plist; sourceTree = "<group>"; };
		22A99A38294CF945008ACD2B /* OpenLibraryTests.xctest */ = {isa = PBXFileReference; explicitFileType = wrapper.cfbundle; includeInIndex = 0; path = OpenLibraryTests.xctest; sourceTree = BUILT_PRODUCTS_DIR; };
		22A99A42294CF945008ACD2B /* OpenLibraryUITests.xctest */ = {isa = PBXFileReference; explicitFileType = wrapper.cfbundle; includeInIndex = 0; path = OpenLibraryUITests.xctest; sourceTree = BUILT_PRODUCTS_DIR; };
		22A99A46294CF945008ACD2B /* OpenLibraryUITests.swift */ = {isa = PBXFileReference; lastKnownFileType = sourcecode.swift; path = OpenLibraryUITests.swift; sourceTree = "<group>"; };
		22A99A48294CF945008ACD2B /* OpenLibraryUITestsLaunchTests.swift */ = {isa = PBXFileReference; lastKnownFileType = sourcecode.swift; path = OpenLibraryUITestsLaunchTests.swift; sourceTree = "<group>"; };
		22A99A57294CFC1E008ACD2B /* NetworkEndpointProtocol.swift */ = {isa = PBXFileReference; lastKnownFileType = sourcecode.swift; path = NetworkEndpointProtocol.swift; sourceTree = "<group>"; };
		22A99A59294CFDF8008ACD2B /* BooksSearchEndpoint.swift */ = {isa = PBXFileReference; lastKnownFileType = sourcecode.swift; path = BooksSearchEndpoint.swift; sourceTree = "<group>"; };
		22A99A5B294CFEC1008ACD2B /* APIManager.swift */ = {isa = PBXFileReference; lastKnownFileType = sourcecode.swift; path = APIManager.swift; sourceTree = "<group>"; };
		22A99A5D294CFEDB008ACD2B /* NetworkError.swift */ = {isa = PBXFileReference; lastKnownFileType = sourcecode.swift; path = NetworkError.swift; sourceTree = "<group>"; };
		22A99A5F294CFEFA008ACD2B /* RequestManager.swift */ = {isa = PBXFileReference; lastKnownFileType = sourcecode.swift; path = RequestManager.swift; sourceTree = "<group>"; };
		22A99A62294D08BB008ACD2B /* BookSearchResults.swift */ = {isa = PBXFileReference; lastKnownFileType = sourcecode.swift; path = BookSearchResults.swift; sourceTree = "<group>"; };
		22A99A64294D0D58008ACD2B /* BookSearchResult.swift */ = {isa = PBXFileReference; lastKnownFileType = sourcecode.swift; path = BookSearchResult.swift; sourceTree = "<group>"; };
		22D553DE29530E7900B7FC3D /* BookSearchViewModelTests.swift */ = {isa = PBXFileReference; lastKnownFileType = sourcecode.swift; path = BookSearchViewModelTests.swift; sourceTree = "<group>"; };
		22F61C342951D3F500AA5ED5 /* MockAPIManager.swift */ = {isa = PBXFileReference; lastKnownFileType = sourcecode.swift; path = MockAPIManager.swift; sourceTree = "<group>"; };
		22F61C362951D41900AA5ED5 /* MockLocalEndpoint.swift */ = {isa = PBXFileReference; lastKnownFileType = sourcecode.swift; path = MockLocalEndpoint.swift; sourceTree = "<group>"; };
		22F61C392951D45000AA5ED5 /* BookSearchMockJSON.json */ = {isa = PBXFileReference; lastKnownFileType = text.json; path = BookSearchMockJSON.json; sourceTree = "<group>"; xcLanguageSpecificationIdentifier = xcode.lang.json; };
		22F61C3D2951E6CC00AA5ED5 /* BookSearchMockBrokenJSON.json */ = {isa = PBXFileReference; lastKnownFileType = text.json; path = BookSearchMockBrokenJSON.json; sourceTree = "<group>"; };
		22F61C3F2951E71200AA5ED5 /* RequestManagerTests.swift */ = {isa = PBXFileReference; lastKnownFileType = sourcecode.swift; path = RequestManagerTests.swift; sourceTree = "<group>"; };
		22F61C422951F94D00AA5ED5 /* BookSearchViewModel.swift */ = {isa = PBXFileReference; lastKnownFileType = sourcecode.swift; path = BookSearchViewModel.swift; sourceTree = "<group>"; };
		22F61C4929522ECA00AA5ED5 /* LoadingViewController.swift */ = {isa = PBXFileReference; lastKnownFileType = sourcecode.swift; path = LoadingViewController.swift; sourceTree = "<group>"; };
		22F61C4B29522ED800AA5ED5 /* ErrorViewController.swift */ = {isa = PBXFileReference; lastKnownFileType = sourcecode.swift; path = ErrorViewController.swift; sourceTree = "<group>"; };
		22F61C4D29522EEC00AA5ED5 /* BaseViewController.swift */ = {isa = PBXFileReference; lastKnownFileType = sourcecode.swift; path = BaseViewController.swift; sourceTree = "<group>"; };
		22F61C5029522F4100AA5ED5 /* LocalizableStrings.swift */ = {isa = PBXFileReference; lastKnownFileType = sourcecode.swift; path = LocalizableStrings.swift; sourceTree = "<group>"; };
		22F61C532952307400AA5ED5 /* GenericTableViewDataSource.swift */ = {isa = PBXFileReference; lastKnownFileType = sourcecode.swift; path = GenericTableViewDataSource.swift; sourceTree = "<group>"; };
		22F61C55295235E400AA5ED5 /* BookSearchResultTableViewCell.swift */ = {isa = PBXFileReference; lastKnownFileType = sourcecode.swift; path = BookSearchResultTableViewCell.swift; sourceTree = "<group>"; };
		22F61C58295246FB00AA5ED5 /* UiViewController + extension.swift */ = {isa = PBXFileReference; lastKnownFileType = sourcecode.swift; path = "UiViewController + extension.swift"; sourceTree = "<group>"; };
		22F61C5B2952476700AA5ED5 /* AppCoordinator.swift */ = {isa = PBXFileReference; lastKnownFileType = sourcecode.swift; path = AppCoordinator.swift; sourceTree = "<group>"; };
/* End PBXFileReference section */

/* Begin PBXFrameworksBuildPhase section */
		22A99A1F294CF942008ACD2B /* Frameworks */ = {
			isa = PBXFrameworksBuildPhase;
			buildActionMask = 2147483647;
			files = (
			);
			runOnlyForDeploymentPostprocessing = 0;
		};
		22A99A35294CF945008ACD2B /* Frameworks */ = {
			isa = PBXFrameworksBuildPhase;
			buildActionMask = 2147483647;
			files = (
			);
			runOnlyForDeploymentPostprocessing = 0;
		};
		22A99A3F294CF945008ACD2B /* Frameworks */ = {
			isa = PBXFrameworksBuildPhase;
			buildActionMask = 2147483647;
			files = (
			);
			runOnlyForDeploymentPostprocessing = 0;
		};
/* End PBXFrameworksBuildPhase section */

/* Begin PBXGroup section */
		22A99A19294CF942008ACD2B = {
			isa = PBXGroup;
			children = (
				22A99A24294CF942008ACD2B /* OpenLibrary */,
				22A99A3B294CF945008ACD2B /* OpenLibraryTests */,
				22A99A45294CF945008ACD2B /* OpenLibraryUITests */,
				22A99A23294CF942008ACD2B /* Products */,
			);
			sourceTree = "<group>";
		};
		22A99A23294CF942008ACD2B /* Products */ = {
			isa = PBXGroup;
			children = (
				22A99A22294CF942008ACD2B /* OpenLibrary.app */,
				22A99A38294CF945008ACD2B /* OpenLibraryTests.xctest */,
				22A99A42294CF945008ACD2B /* OpenLibraryUITests.xctest */,
			);
			name = Products;
			sourceTree = "<group>";
		};
		22A99A24294CF942008ACD2B /* OpenLibrary */ = {
			isa = PBXGroup;
			children = (
				22A99A55294CFBFD008ACD2B /* Network Layer */,
				22F61C4729522E3400AA5ED5 /* Shared */,
				22F61C5A2952472100AA5ED5 /* Coordinators */,
				22F61C442951F9BD00AA5ED5 /* Views */,
				22F61C412951F93800AA5ED5 /* ViewModels */,
				22A99A61294CFF46008ACD2B /* Models */,
				22F61C462951F9F000AA5ED5 /* AppDelegates */,
				22F61C452951F9E800AA5ED5 /* Resources */,
				22A99A33294CF944008ACD2B /* Info.plist */,
			);
			path = OpenLibrary;
			sourceTree = "<group>";
		};
		22A99A3B294CF945008ACD2B /* OpenLibraryTests */ = {
			isa = PBXGroup;
			children = (
				22D553DD29530E5800B7FC3D /* ViewModel Tests */,
				22F61C332951D3B000AA5ED5 /* Mocks */,
				22F61C322951D37C00AA5ED5 /* Network Layer Unit Tests */,
			);
			path = OpenLibraryTests;
			sourceTree = "<group>";
		};
		22A99A45294CF945008ACD2B /* OpenLibraryUITests */ = {
			isa = PBXGroup;
			children = (
				22A99A46294CF945008ACD2B /* OpenLibraryUITests.swift */,
				22A99A48294CF945008ACD2B /* OpenLibraryUITestsLaunchTests.swift */,
			);
			path = OpenLibraryUITests;
			sourceTree = "<group>";
		};
		22A99A55294CFBFD008ACD2B /* Network Layer */ = {
			isa = PBXGroup;
			children = (
				22A99A56294CFC0D008ACD2B /* Endpoints */,
				22A99A5B294CFEC1008ACD2B /* APIManager.swift */,
				22A99A5D294CFEDB008ACD2B /* NetworkError.swift */,
				22A99A5F294CFEFA008ACD2B /* RequestManager.swift */,
			);
			path = "Network Layer";
			sourceTree = "<group>";
		};
		22A99A56294CFC0D008ACD2B /* Endpoints */ = {
			isa = PBXGroup;
			children = (
				22A99A57294CFC1E008ACD2B /* NetworkEndpointProtocol.swift */,
				22A99A59294CFDF8008ACD2B /* BooksSearchEndpoint.swift */,
			);
			path = Endpoints;
			sourceTree = "<group>";
		};
		22A99A61294CFF46008ACD2B /* Models */ = {
			isa = PBXGroup;
			children = (
				22A99A62294D08BB008ACD2B /* BookSearchResults.swift */,
				22A99A64294D0D58008ACD2B /* BookSearchResult.swift */,
			);
			path = Models;
			sourceTree = "<group>";
		};
		22D553DD29530E5800B7FC3D /* ViewModel Tests */ = {
			isa = PBXGroup;
			children = (
				22D553DE29530E7900B7FC3D /* BookSearchViewModelTests.swift */,
			);
			path = "ViewModel Tests";
			sourceTree = "<group>";
		};
		22F61C322951D37C00AA5ED5 /* Network Layer Unit Tests */ = {
			isa = PBXGroup;
			children = (
				22F61C3F2951E71200AA5ED5 /* RequestManagerTests.swift */,
			);
			path = "Network Layer Unit Tests";
			sourceTree = "<group>";
		};
		22F61C332951D3B000AA5ED5 /* Mocks */ = {
			isa = PBXGroup;
			children = (
				22F61C382951D43100AA5ED5 /* MockJSON */,
				22F61C342951D3F500AA5ED5 /* MockAPIManager.swift */,
				22F61C362951D41900AA5ED5 /* MockLocalEndpoint.swift */,
			);
			path = Mocks;
			sourceTree = "<group>";
		};
		22F61C382951D43100AA5ED5 /* MockJSON */ = {
			isa = PBXGroup;
			children = (
				22F61C392951D45000AA5ED5 /* BookSearchMockJSON.json */,
				22F61C3D2951E6CC00AA5ED5 /* BookSearchMockBrokenJSON.json */,
			);
			path = MockJSON;
			sourceTree = "<group>";
		};
		22F61C412951F93800AA5ED5 /* ViewModels */ = {
			isa = PBXGroup;
			children = (
				22F61C422951F94D00AA5ED5 /* BookSearchViewModel.swift */,
			);
			path = ViewModels;
			sourceTree = "<group>";
		};
		22F61C442951F9BD00AA5ED5 /* Views */ = {
			isa = PBXGroup;
			children = (
				22A99A29294CF942008ACD2B /* BookSearchViewController.swift */,
				22F61C55295235E400AA5ED5 /* BookSearchResultTableViewCell.swift */,
			);
			path = Views;
			sourceTree = "<group>";
		};
		22F61C452951F9E800AA5ED5 /* Resources */ = {
			isa = PBXGroup;
			children = (
				22A99A2E294CF944008ACD2B /* Assets.xcassets */,
				22A99A30294CF944008ACD2B /* LaunchScreen.storyboard */,
				22F61C5029522F4100AA5ED5 /* LocalizableStrings.swift */,
			);
			path = Resources;
			sourceTree = "<group>";
		};
		22F61C462951F9F000AA5ED5 /* AppDelegates */ = {
			isa = PBXGroup;
			children = (
				22A99A25294CF942008ACD2B /* AppDelegate.swift */,
				22A99A27294CF942008ACD2B /* SceneDelegate.swift */,
			);
			path = AppDelegates;
			sourceTree = "<group>";
		};
		22F61C4729522E3400AA5ED5 /* Shared */ = {
			isa = PBXGroup;
			children = (
				22F61C572952406000AA5ED5 /* Extensions */,
				22F61C522952305F00AA5ED5 /* Helper Classes */,
				22F61C4829522EB600AA5ED5 /* Views */,
			);
			path = Shared;
			sourceTree = "<group>";
		};
		22F61C4829522EB600AA5ED5 /* Views */ = {
			isa = PBXGroup;
			children = (
				22F61C4929522ECA00AA5ED5 /* LoadingViewController.swift */,
				22F61C4B29522ED800AA5ED5 /* ErrorViewController.swift */,
				22F61C4D29522EEC00AA5ED5 /* BaseViewController.swift */,
			);
			path = Views;
			sourceTree = "<group>";
		};
		22F61C522952305F00AA5ED5 /* Helper Classes */ = {
			isa = PBXGroup;
			children = (
				22F61C532952307400AA5ED5 /* GenericTableViewDataSource.swift */,
			);
			path = "Helper Classes";
			sourceTree = "<group>";
		};
		22F61C572952406000AA5ED5 /* Extensions */ = {
			isa = PBXGroup;
			children = (
				22F61C58295246FB00AA5ED5 /* UiViewController + extension.swift */,
			);
			path = Extensions;
			sourceTree = "<group>";
		};
		22F61C5A2952472100AA5ED5 /* Coordinators */ = {
			isa = PBXGroup;
			children = (
				22F61C5B2952476700AA5ED5 /* AppCoordinator.swift */,
			);
			path = Coordinators;
			sourceTree = "<group>";
		};
/* End PBXGroup section */

/* Begin PBXNativeTarget section */
		22A99A21294CF942008ACD2B /* OpenLibrary */ = {
			isa = PBXNativeTarget;
			buildConfigurationList = 22A99A4C294CF945008ACD2B /* Build configuration list for PBXNativeTarget "OpenLibrary" */;
			buildPhases = (
				22A99A1E294CF942008ACD2B /* Sources */,
				22A99A1F294CF942008ACD2B /* Frameworks */,
				22A99A20294CF942008ACD2B /* Resources */,
			);
			buildRules = (
			);
			dependencies = (
			);
			name = OpenLibrary;
			productName = OpenLibrary;
			productReference = 22A99A22294CF942008ACD2B /* OpenLibrary.app */;
			productType = "com.apple.product-type.application";
		};
		22A99A37294CF945008ACD2B /* OpenLibraryTests */ = {
			isa = PBXNativeTarget;
			buildConfigurationList = 22A99A4F294CF945008ACD2B /* Build configuration list for PBXNativeTarget "OpenLibraryTests" */;
			buildPhases = (
				22A99A34294CF945008ACD2B /* Sources */,
				22A99A35294CF945008ACD2B /* Frameworks */,
				22A99A36294CF945008ACD2B /* Resources */,
			);
			buildRules = (
			);
			dependencies = (
				22A99A3A294CF945008ACD2B /* PBXTargetDependency */,
			);
			name = OpenLibraryTests;
			productName = OpenLibraryTests;
			productReference = 22A99A38294CF945008ACD2B /* OpenLibraryTests.xctest */;
			productType = "com.apple.product-type.bundle.unit-test";
		};
		22A99A41294CF945008ACD2B /* OpenLibraryUITests */ = {
			isa = PBXNativeTarget;
			buildConfigurationList = 22A99A52294CF945008ACD2B /* Build configuration list for PBXNativeTarget "OpenLibraryUITests" */;
			buildPhases = (
				22A99A3E294CF945008ACD2B /* Sources */,
				22A99A3F294CF945008ACD2B /* Frameworks */,
				22A99A40294CF945008ACD2B /* Resources */,
			);
			buildRules = (
			);
			dependencies = (
				22A99A44294CF945008ACD2B /* PBXTargetDependency */,
			);
			name = OpenLibraryUITests;
			productName = OpenLibraryUITests;
			productReference = 22A99A42294CF945008ACD2B /* OpenLibraryUITests.xctest */;
			productType = "com.apple.product-type.bundle.ui-testing";
		};
/* End PBXNativeTarget section */

/* Begin PBXProject section */
		22A99A1A294CF942008ACD2B /* Project object */ = {
			isa = PBXProject;
			attributes = {
				BuildIndependentTargetsInParallel = 1;
				LastSwiftUpdateCheck = 1300;
				LastUpgradeCheck = 1300;
				TargetAttributes = {
					22A99A21294CF942008ACD2B = {
						CreatedOnToolsVersion = 13.0;
					};
					22A99A37294CF945008ACD2B = {
						CreatedOnToolsVersion = 13.0;
						LastSwiftMigration = 1300;
						TestTargetID = 22A99A21294CF942008ACD2B;
					};
					22A99A41294CF945008ACD2B = {
						CreatedOnToolsVersion = 13.0;
						TestTargetID = 22A99A21294CF942008ACD2B;
					};
				};
			};
			buildConfigurationList = 22A99A1D294CF942008ACD2B /* Build configuration list for PBXProject "OpenLibrary" */;
			compatibilityVersion = "Xcode 13.0";
			developmentRegion = en;
			hasScannedForEncodings = 0;
			knownRegions = (
				en,
				Base,
			);
			mainGroup = 22A99A19294CF942008ACD2B;
			productRefGroup = 22A99A23294CF942008ACD2B /* Products */;
			projectDirPath = "";
			projectRoot = "";
			targets = (
				22A99A21294CF942008ACD2B /* OpenLibrary */,
				22A99A37294CF945008ACD2B /* OpenLibraryTests */,
				22A99A41294CF945008ACD2B /* OpenLibraryUITests */,
			);
		};
/* End PBXProject section */

/* Begin PBXResourcesBuildPhase section */
		22A99A20294CF942008ACD2B /* Resources */ = {
			isa = PBXResourcesBuildPhase;
			buildActionMask = 2147483647;
			files = (
				22A99A32294CF944008ACD2B /* LaunchScreen.storyboard in Resources */,
				22A99A2F294CF944008ACD2B /* Assets.xcassets in Resources */,
			);
			runOnlyForDeploymentPostprocessing = 0;
		};
		22A99A36294CF945008ACD2B /* Resources */ = {
			isa = PBXResourcesBuildPhase;
			buildActionMask = 2147483647;
			files = (
				22F61C3A2951D45000AA5ED5 /* BookSearchMockJSON.json in Resources */,
				22F61C3E2951E6CC00AA5ED5 /* BookSearchMockBrokenJSON.json in Resources */,
			);
			runOnlyForDeploymentPostprocessing = 0;
		};
		22A99A40294CF945008ACD2B /* Resources */ = {
			isa = PBXResourcesBuildPhase;
			buildActionMask = 2147483647;
			files = (
			);
			runOnlyForDeploymentPostprocessing = 0;
		};
/* End PBXResourcesBuildPhase section */

/* Begin PBXSourcesBuildPhase section */
		22A99A1E294CF942008ACD2B /* Sources */ = {
			isa = PBXSourcesBuildPhase;
			buildActionMask = 2147483647;
			files = (
				22A99A5C294CFEC1008ACD2B /* APIManager.swift in Sources */,
				22A99A63294D08BB008ACD2B /* BookSearchResults.swift in Sources */,
				22F61C4C29522ED800AA5ED5 /* ErrorViewController.swift in Sources */,
				22A99A5E294CFEDB008ACD2B /* NetworkError.swift in Sources */,
				22A99A65294D0D58008ACD2B /* BookSearchResult.swift in Sources */,
				22F61C4E29522EEC00AA5ED5 /* BaseViewController.swift in Sources */,
				22A99A5A294CFDF8008ACD2B /* BooksSearchEndpoint.swift in Sources */,
				22F61C5129522F4100AA5ED5 /* LocalizableStrings.swift in Sources */,
				22A99A2A294CF942008ACD2B /* BookSearchViewController.swift in Sources */,
				22A99A60294CFEFA008ACD2B /* RequestManager.swift in Sources */,
				22A99A58294CFC1F008ACD2B /* NetworkEndpointProtocol.swift in Sources */,
				22F61C432951F94D00AA5ED5 /* BookSearchViewModel.swift in Sources */,
				22F61C542952307400AA5ED5 /* GenericTableViewDataSource.swift in Sources */,
				22F61C56295235E400AA5ED5 /* BookSearchResultTableViewCell.swift in Sources */,
				22A99A26294CF942008ACD2B /* AppDelegate.swift in Sources */,
				22F61C5C2952476700AA5ED5 /* AppCoordinator.swift in Sources */,
				22A99A28294CF942008ACD2B /* SceneDelegate.swift in Sources */,
				22F61C59295246FB00AA5ED5 /* UiViewController + extension.swift in Sources */,
				22F61C4A29522ECA00AA5ED5 /* LoadingViewController.swift in Sources */,
			);
			runOnlyForDeploymentPostprocessing = 0;
		};
		22A99A34294CF945008ACD2B /* Sources */ = {
			isa = PBXSourcesBuildPhase;
			buildActionMask = 2147483647;
			files = (
				22F61C402951E71200AA5ED5 /* RequestManagerTests.swift in Sources */,
				22D553DF29530E7900B7FC3D /* BookSearchViewModelTests.swift in Sources */,
				22F61C372951D41900AA5ED5 /* MockLocalEndpoint.swift in Sources */,
				22F61C352951D3F500AA5ED5 /* MockAPIManager.swift in Sources */,
			);
			runOnlyForDeploymentPostprocessing = 0;
		};
		22A99A3E294CF945008ACD2B /* Sources */ = {
			isa = PBXSourcesBuildPhase;
			buildActionMask = 2147483647;
			files = (
				22A99A49294CF945008ACD2B /* OpenLibraryUITestsLaunchTests.swift in Sources */,
				22A99A47294CF945008ACD2B /* OpenLibraryUITests.swift in Sources */,
			);
			runOnlyForDeploymentPostprocessing = 0;
		};
/* End PBXSourcesBuildPhase section */

/* Begin PBXTargetDependency section */
		22A99A3A294CF945008ACD2B /* PBXTargetDependency */ = {
			isa = PBXTargetDependency;
			target = 22A99A21294CF942008ACD2B /* OpenLibrary */;
			targetProxy = 22A99A39294CF945008ACD2B /* PBXContainerItemProxy */;
		};
		22A99A44294CF945008ACD2B /* PBXTargetDependency */ = {
			isa = PBXTargetDependency;
			target = 22A99A21294CF942008ACD2B /* OpenLibrary */;
			targetProxy = 22A99A43294CF945008ACD2B /* PBXContainerItemProxy */;
		};
/* End PBXTargetDependency section */

/* Begin PBXVariantGroup section */
		22A99A30294CF944008ACD2B /* LaunchScreen.storyboard */ = {
			isa = PBXVariantGroup;
			children = (
				22A99A31294CF944008ACD2B /* Base */,
			);
			name = LaunchScreen.storyboard;
			sourceTree = "<group>";
		};
/* End PBXVariantGroup section */

/* Begin XCBuildConfiguration section */
		22A99A4A294CF945008ACD2B /* Debug */ = {
			isa = XCBuildConfiguration;
			buildSettings = {
				ALWAYS_SEARCH_USER_PATHS = NO;
				CLANG_ANALYZER_NONNULL = YES;
				CLANG_ANALYZER_NUMBER_OBJECT_CONVERSION = YES_AGGRESSIVE;
				CLANG_CXX_LANGUAGE_STANDARD = "gnu++17";
				CLANG_CXX_LIBRARY = "libc++";
				CLANG_ENABLE_MODULES = YES;
				CLANG_ENABLE_OBJC_ARC = YES;
				CLANG_ENABLE_OBJC_WEAK = YES;
				CLANG_WARN_BLOCK_CAPTURE_AUTORELEASING = YES;
				CLANG_WARN_BOOL_CONVERSION = YES;
				CLANG_WARN_COMMA = YES;
				CLANG_WARN_CONSTANT_CONVERSION = YES;
				CLANG_WARN_DEPRECATED_OBJC_IMPLEMENTATIONS = YES;
				CLANG_WARN_DIRECT_OBJC_ISA_USAGE = YES_ERROR;
				CLANG_WARN_DOCUMENTATION_COMMENTS = YES;
				CLANG_WARN_EMPTY_BODY = YES;
				CLANG_WARN_ENUM_CONVERSION = YES;
				CLANG_WARN_INFINITE_RECURSION = YES;
				CLANG_WARN_INT_CONVERSION = YES;
				CLANG_WARN_NON_LITERAL_NULL_CONVERSION = YES;
				CLANG_WARN_OBJC_IMPLICIT_RETAIN_SELF = YES;
				CLANG_WARN_OBJC_LITERAL_CONVERSION = YES;
				CLANG_WARN_OBJC_ROOT_CLASS = YES_ERROR;
				CLANG_WARN_QUOTED_INCLUDE_IN_FRAMEWORK_HEADER = YES;
				CLANG_WARN_RANGE_LOOP_ANALYSIS = YES;
				CLANG_WARN_STRICT_PROTOTYPES = YES;
				CLANG_WARN_SUSPICIOUS_MOVE = YES;
				CLANG_WARN_UNGUARDED_AVAILABILITY = YES_AGGRESSIVE;
				CLANG_WARN_UNREACHABLE_CODE = YES;
				CLANG_WARN__DUPLICATE_METHOD_MATCH = YES;
				COPY_PHASE_STRIP = NO;
				DEBUG_INFORMATION_FORMAT = dwarf;
				ENABLE_STRICT_OBJC_MSGSEND = YES;
				ENABLE_TESTABILITY = YES;
				GCC_C_LANGUAGE_STANDARD = gnu11;
				GCC_DYNAMIC_NO_PIC = NO;
				GCC_NO_COMMON_BLOCKS = YES;
				GCC_OPTIMIZATION_LEVEL = 0;
				GCC_PREPROCESSOR_DEFINITIONS = (
					"DEBUG=1",
					"$(inherited)",
				);
				GCC_WARN_64_TO_32_BIT_CONVERSION = YES;
				GCC_WARN_ABOUT_RETURN_TYPE = YES_ERROR;
				GCC_WARN_UNDECLARED_SELECTOR = YES;
				GCC_WARN_UNINITIALIZED_AUTOS = YES_AGGRESSIVE;
				GCC_WARN_UNUSED_FUNCTION = YES;
				GCC_WARN_UNUSED_VARIABLE = YES;
				IPHONEOS_DEPLOYMENT_TARGET = 15.0;
				MTL_ENABLE_DEBUG_INFO = INCLUDE_SOURCE;
				MTL_FAST_MATH = YES;
				ONLY_ACTIVE_ARCH = YES;
				SDKROOT = iphoneos;
				SWIFT_ACTIVE_COMPILATION_CONDITIONS = DEBUG;
				SWIFT_OPTIMIZATION_LEVEL = "-Onone";
			};
			name = Debug;
		};
		22A99A4B294CF945008ACD2B /* Release */ = {
			isa = XCBuildConfiguration;
			buildSettings = {
				ALWAYS_SEARCH_USER_PATHS = NO;
				CLANG_ANALYZER_NONNULL = YES;
				CLANG_ANALYZER_NUMBER_OBJECT_CONVERSION = YES_AGGRESSIVE;
				CLANG_CXX_LANGUAGE_STANDARD = "gnu++17";
				CLANG_CXX_LIBRARY = "libc++";
				CLANG_ENABLE_MODULES = YES;
				CLANG_ENABLE_OBJC_ARC = YES;
				CLANG_ENABLE_OBJC_WEAK = YES;
				CLANG_WARN_BLOCK_CAPTURE_AUTORELEASING = YES;
				CLANG_WARN_BOOL_CONVERSION = YES;
				CLANG_WARN_COMMA = YES;
				CLANG_WARN_CONSTANT_CONVERSION = YES;
				CLANG_WARN_DEPRECATED_OBJC_IMPLEMENTATIONS = YES;
				CLANG_WARN_DIRECT_OBJC_ISA_USAGE = YES_ERROR;
				CLANG_WARN_DOCUMENTATION_COMMENTS = YES;
				CLANG_WARN_EMPTY_BODY = YES;
				CLANG_WARN_ENUM_CONVERSION = YES;
				CLANG_WARN_INFINITE_RECURSION = YES;
				CLANG_WARN_INT_CONVERSION = YES;
				CLANG_WARN_NON_LITERAL_NULL_CONVERSION = YES;
				CLANG_WARN_OBJC_IMPLICIT_RETAIN_SELF = YES;
				CLANG_WARN_OBJC_LITERAL_CONVERSION = YES;
				CLANG_WARN_OBJC_ROOT_CLASS = YES_ERROR;
				CLANG_WARN_QUOTED_INCLUDE_IN_FRAMEWORK_HEADER = YES;
				CLANG_WARN_RANGE_LOOP_ANALYSIS = YES;
				CLANG_WARN_STRICT_PROTOTYPES = YES;
				CLANG_WARN_SUSPICIOUS_MOVE = YES;
				CLANG_WARN_UNGUARDED_AVAILABILITY = YES_AGGRESSIVE;
				CLANG_WARN_UNREACHABLE_CODE = YES;
				CLANG_WARN__DUPLICATE_METHOD_MATCH = YES;
				COPY_PHASE_STRIP = NO;
				DEBUG_INFORMATION_FORMAT = "dwarf-with-dsym";
				ENABLE_NS_ASSERTIONS = NO;
				ENABLE_STRICT_OBJC_MSGSEND = YES;
				GCC_C_LANGUAGE_STANDARD = gnu11;
				GCC_NO_COMMON_BLOCKS = YES;
				GCC_WARN_64_TO_32_BIT_CONVERSION = YES;
				GCC_WARN_ABOUT_RETURN_TYPE = YES_ERROR;
				GCC_WARN_UNDECLARED_SELECTOR = YES;
				GCC_WARN_UNINITIALIZED_AUTOS = YES_AGGRESSIVE;
				GCC_WARN_UNUSED_FUNCTION = YES;
				GCC_WARN_UNUSED_VARIABLE = YES;
				IPHONEOS_DEPLOYMENT_TARGET = 15.0;
				MTL_ENABLE_DEBUG_INFO = NO;
				MTL_FAST_MATH = YES;
				SDKROOT = iphoneos;
				SWIFT_COMPILATION_MODE = wholemodule;
				SWIFT_OPTIMIZATION_LEVEL = "-O";
				VALIDATE_PRODUCT = YES;
			};
			name = Release;
		};
		22A99A4D294CF945008ACD2B /* Debug */ = {
			isa = XCBuildConfiguration;
			buildSettings = {
				ASSETCATALOG_COMPILER_APPICON_NAME = AppIcon;
				ASSETCATALOG_COMPILER_GLOBAL_ACCENT_COLOR_NAME = AccentColor;
				CODE_SIGN_STYLE = Automatic;
				CURRENT_PROJECT_VERSION = 1;
				GENERATE_INFOPLIST_FILE = YES;
				INFOPLIST_FILE = OpenLibrary/Info.plist;
				INFOPLIST_KEY_UIApplicationSupportsIndirectInputEvents = YES;
				INFOPLIST_KEY_UILaunchStoryboardName = LaunchScreen;
				INFOPLIST_KEY_UISupportedInterfaceOrientations_iPad = "UIInterfaceOrientationPortrait UIInterfaceOrientationPortraitUpsideDown UIInterfaceOrientationLandscapeLeft UIInterfaceOrientationLandscapeRight";
				INFOPLIST_KEY_UISupportedInterfaceOrientations_iPhone = "UIInterfaceOrientationPortrait UIInterfaceOrientationLandscapeLeft UIInterfaceOrientationLandscapeRight";
				IPHONEOS_DEPLOYMENT_TARGET = 13.0;
				LD_RUNPATH_SEARCH_PATHS = (
					"$(inherited)",
					"@executable_path/Frameworks",
				);
				MARKETING_VERSION = 1.0;
				PRODUCT_BUNDLE_IDENTIFIER = com.vabiosd.OpenLibrary;
				PRODUCT_NAME = "$(TARGET_NAME)";
				SWIFT_EMIT_LOC_STRINGS = YES;
				SWIFT_VERSION = 5.0;
				TARGETED_DEVICE_FAMILY = "1,2";
			};
			name = Debug;
		};
		22A99A4E294CF945008ACD2B /* Release */ = {
			isa = XCBuildConfiguration;
			buildSettings = {
				ASSETCATALOG_COMPILER_APPICON_NAME = AppIcon;
				ASSETCATALOG_COMPILER_GLOBAL_ACCENT_COLOR_NAME = AccentColor;
				CODE_SIGN_STYLE = Automatic;
				CURRENT_PROJECT_VERSION = 1;
				GENERATE_INFOPLIST_FILE = YES;
				INFOPLIST_FILE = OpenLibrary/Info.plist;
				INFOPLIST_KEY_UIApplicationSupportsIndirectInputEvents = YES;
				INFOPLIST_KEY_UILaunchStoryboardName = LaunchScreen;
				INFOPLIST_KEY_UISupportedInterfaceOrientations_iPad = "UIInterfaceOrientationPortrait UIInterfaceOrientationPortraitUpsideDown UIInterfaceOrientationLandscapeLeft UIInterfaceOrientationLandscapeRight";
				INFOPLIST_KEY_UISupportedInterfaceOrientations_iPhone = "UIInterfaceOrientationPortrait UIInterfaceOrientationLandscapeLeft UIInterfaceOrientationLandscapeRight";
				IPHONEOS_DEPLOYMENT_TARGET = 13.0;
				LD_RUNPATH_SEARCH_PATHS = (
					"$(inherited)",
					"@executable_path/Frameworks",
				);
				MARKETING_VERSION = 1.0;
				PRODUCT_BUNDLE_IDENTIFIER = com.vabiosd.OpenLibrary;
				PRODUCT_NAME = "$(TARGET_NAME)";
				SWIFT_EMIT_LOC_STRINGS = YES;
				SWIFT_VERSION = 5.0;
				TARGETED_DEVICE_FAMILY = "1,2";
			};
			name = Release;
		};
		22A99A50294CF945008ACD2B /* Debug */ = {
			isa = XCBuildConfiguration;
			buildSettings = {
				ALWAYS_EMBED_SWIFT_STANDARD_LIBRARIES = YES;
				BUNDLE_LOADER = "$(TEST_HOST)";
				CLANG_ENABLE_MODULES = YES;
				CODE_SIGN_STYLE = Automatic;
				CURRENT_PROJECT_VERSION = 1;
				GENERATE_INFOPLIST_FILE = YES;
				IPHONEOS_DEPLOYMENT_TARGET = 15.0;
				LD_RUNPATH_SEARCH_PATHS = (
					"$(inherited)",
					"@executable_path/Frameworks",
					"@loader_path/Frameworks",
				);
				MARKETING_VERSION = 1.0;
				PRODUCT_BUNDLE_IDENTIFIER = com.vabiosd.OpenLibraryTests;
				PRODUCT_NAME = "$(TARGET_NAME)";
				SWIFT_EMIT_LOC_STRINGS = NO;
				SWIFT_OPTIMIZATION_LEVEL = "-Onone";
				SWIFT_VERSION = 5.0;
				TARGETED_DEVICE_FAMILY = "1,2";
				TEST_HOST = "$(BUILT_PRODUCTS_DIR)/OpenLibrary.app/OpenLibrary";
			};
			name = Debug;
		};
		22A99A51294CF945008ACD2B /* Release */ = {
			isa = XCBuildConfiguration;
			buildSettings = {
				ALWAYS_EMBED_SWIFT_STANDARD_LIBRARIES = YES;
				BUNDLE_LOADER = "$(TEST_HOST)";
				CLANG_ENABLE_MODULES = YES;
				CODE_SIGN_STYLE = Automatic;
				CURRENT_PROJECT_VERSION = 1;
				GENERATE_INFOPLIST_FILE = YES;
				IPHONEOS_DEPLOYMENT_TARGET = 15.0;
				LD_RUNPATH_SEARCH_PATHS = (
					"$(inherited)",
					"@executable_path/Frameworks",
					"@loader_path/Frameworks",
				);
				MARKETING_VERSION = 1.0;
				PRODUCT_BUNDLE_IDENTIFIER = com.vabiosd.OpenLibraryTests;
				PRODUCT_NAME = "$(TARGET_NAME)";
				SWIFT_EMIT_LOC_STRINGS = NO;
				SWIFT_VERSION = 5.0;
				TARGETED_DEVICE_FAMILY = "1,2";
				TEST_HOST = "$(BUILT_PRODUCTS_DIR)/OpenLibrary.app/OpenLibrary";
			};
			name = Release;
		};
		22A99A53294CF945008ACD2B /* Debug */ = {
			isa = XCBuildConfiguration;
			buildSettings = {
				ALWAYS_EMBED_SWIFT_STANDARD_LIBRARIES = YES;
				CODE_SIGN_STYLE = Automatic;
				CURRENT_PROJECT_VERSION = 1;
				GENERATE_INFOPLIST_FILE = YES;
				LD_RUNPATH_SEARCH_PATHS = (
					"$(inherited)",
					"@executable_path/Frameworks",
					"@loader_path/Frameworks",
				);
				MARKETING_VERSION = 1.0;
				PRODUCT_BUNDLE_IDENTIFIER = com.vabiosd.OpenLibraryUITests;
				PRODUCT_NAME = "$(TARGET_NAME)";
				SWIFT_EMIT_LOC_STRINGS = NO;
				SWIFT_VERSION = 5.0;
				TARGETED_DEVICE_FAMILY = "1,2";
				TEST_TARGET_NAME = OpenLibrary;
			};
			name = Debug;
		};
		22A99A54294CF945008ACD2B /* Release */ = {
			isa = XCBuildConfiguration;
			buildSettings = {
				ALWAYS_EMBED_SWIFT_STANDARD_LIBRARIES = YES;
				CODE_SIGN_STYLE = Automatic;
				CURRENT_PROJECT_VERSION = 1;
				GENERATE_INFOPLIST_FILE = YES;
				LD_RUNPATH_SEARCH_PATHS = (
					"$(inherited)",
					"@executable_path/Frameworks",
					"@loader_path/Frameworks",
				);
				MARKETING_VERSION = 1.0;
				PRODUCT_BUNDLE_IDENTIFIER = com.vabiosd.OpenLibraryUITests;
				PRODUCT_NAME = "$(TARGET_NAME)";
				SWIFT_EMIT_LOC_STRINGS = NO;
				SWIFT_VERSION = 5.0;
				TARGETED_DEVICE_FAMILY = "1,2";
				TEST_TARGET_NAME = OpenLibrary;
			};
			name = Release;
		};
/* End XCBuildConfiguration section */

/* Begin XCConfigurationList section */
		22A99A1D294CF942008ACD2B /* Build configuration list for PBXProject "OpenLibrary" */ = {
			isa = XCConfigurationList;
			buildConfigurations = (
				22A99A4A294CF945008ACD2B /* Debug */,
				22A99A4B294CF945008ACD2B /* Release */,
			);
			defaultConfigurationIsVisible = 0;
			defaultConfigurationName = Release;
		};
		22A99A4C294CF945008ACD2B /* Build configuration list for PBXNativeTarget "OpenLibrary" */ = {
			isa = XCConfigurationList;
			buildConfigurations = (
				22A99A4D294CF945008ACD2B /* Debug */,
				22A99A4E294CF945008ACD2B /* Release */,
			);
			defaultConfigurationIsVisible = 0;
			defaultConfigurationName = Release;
		};
		22A99A4F294CF945008ACD2B /* Build configuration list for PBXNativeTarget "OpenLibraryTests" */ = {
			isa = XCConfigurationList;
			buildConfigurations = (
				22A99A50294CF945008ACD2B /* Debug */,
				22A99A51294CF945008ACD2B /* Release */,
			);
			defaultConfigurationIsVisible = 0;
			defaultConfigurationName = Release;
		};
		22A99A52294CF945008ACD2B /* Build configuration list for PBXNativeTarget "OpenLibraryUITests" */ = {
			isa = XCConfigurationList;
			buildConfigurations = (
				22A99A53294CF945008ACD2B /* Debug */,
				22A99A54294CF945008ACD2B /* Release */,
			);
			defaultConfigurationIsVisible = 0;
			defaultConfigurationName = Release;
		};
/* End XCConfigurationList section */
	};
	rootObject = 22A99A1A294CF942008ACD2B /* Project object */;
}
